<Solution>
  <Folder Name="/Solution Items/">
    <File Path="docker-compose.yml" />
  </Folder>
  <Folder Name="/src/">
    <Project Path="API/API.csproj" Id="1ec1f386-4c21-4f09-b178-d244f8c2ea29" />
    <Project Path="Application/Application.csproj" Id="4013a98a-6e28-47f2-a46b-614a64a82c63" />
    <Project Path="Domain/Domain.csproj" />
    <Project Path="Infrastructure/Infrastructure.csproj" Id="9b9ccb2a-6450-4309-825e-65c2053662ce" />
  </Folder>
  <Folder Name="/tests/" />
</Solution>
